{
  "name": "inverse-selection",
  "version": "1.0.0",
  "lockfileVersion": 1,
  "requires": true,
  "dependencies": {
    "@roeybiran/posix-to-hfs": {
      "version": "1.0.0",
      "resolved": "https://registry.npmjs.org/@roeybiran/posix-to-hfs/-/posix-to-hfs-1.0.0.tgz",
      "integrity": "sha512-4zi6qTbjZmSamC3SR/i+Oi6aJDs3yjR2zV/99j1CXWRE3UpDOyqfTvgWc95tDSIyuk18v44dd03c/iReLt4O+g==",
      "requires": {
        "cache-conf": "^0.6.0",
        "run-applescript": "^3.2.0"
      }
    },
    "@roeybiran/task": {
      "version": "1.0.1",
      "resolved": "https://registry.npmjs.org/@roeybiran/task/-/task-1.0.1.tgz",
      "integrity": "sha512-lpSY7x9sFFKyGihJ7+b1qlXHbo+G1hPHT+9i7JSkI5tYV+jzazvJ4jJl0kJXY3kKXMIcL2Md+Ulz846AGrNAMg=="
    },
    "cache-conf": {
      "version": "0.6.0",
      "resolved": "https://registry.npmjs.org/cache-conf/-/cache-conf-0.6.0.tgz",
      "integrity": "sha1-IHpwu1tH5iHnI73bI/4gwOGuLLw=",
      "requires": {
        "conf": "^1.2.0",
        "pkg-up": "^1.0.0"
      }
    },
    "conf": {
      "version": "1.4.0",
      "resolved": "https://registry.npmjs.org/conf/-/conf-1.4.0.tgz",
      "integrity": "sha512-bzlVWS2THbMetHqXKB8ypsXN4DQ/1qopGwNJi1eYbpwesJcd86FBjFciCQX/YwAhp9bM7NVnPFqZ5LpV7gP0Dg==",
      "requires": {
        "dot-prop": "^4.1.0",
        "env-paths": "^1.0.0",
        "make-dir": "^1.0.0",
        "pkg-up": "^2.0.0",
        "write-file-atomic": "^2.3.0"
      },
      "dependencies": {
        "pkg-up": {
          "version": "2.0.0",
          "resolved": "https://registry.npmjs.org/pkg-up/-/pkg-up-2.0.0.tgz",
          "integrity": "sha1-yBmscoBZpGHKscOImivjxJoATX8=",
          "requires": {
            "find-up": "^2.1.0"
          }
        }
      }
    },
    "cross-spawn": {
      "version": "6.0.5",
      "resolved": "https://registry.npmjs.org/cross-spawn/-/cross-spawn-6.0.5.tgz",
      "integrity": "sha512-eTVLrBSt7fjbDygz805pMnstIs2VTBNkRm0qxZd+M7A5XDdxVRWO5MxGBXZhjY4cqLYLdtrGqRf8mBPmzwSpWQ==",
      "requires": {
        "nice-try": "^1.0.4",
        "path-key": "^2.0.1",
        "semver": "^5.5.0",
        "shebang-command": "^1.2.0",
        "which": "^1.2.9"
      }
    },
    "dot-prop": {
      "version": "4.2.0",
      "resolved": "https://registry.npmjs.org/dot-prop/-/dot-prop-4.2.0.tgz",
      "integrity": "sha512-tUMXrxlExSW6U2EXiiKGSBVdYgtV8qlHL+C10TsW4PURY/ic+eaysnSkwB4kA/mBlCyy/IKDJ+Lc3wbWeaXtuQ==",
      "requires": {
        "is-obj": "^1.0.0"
      }
    },
    "env-paths": {
      "version": "1.0.0",
      "resolved": "https://registry.npmjs.org/env-paths/-/env-paths-1.0.0.tgz",
      "integrity": "sha1-QWgTO0K7BcOKNbGuQ5fIKYqzaeA="
    },
    "find-up": {
      "version": "2.1.0",
      "resolved": "https://registry.npmjs.org/find-up/-/find-up-2.1.0.tgz",
      "integrity": "sha1-RdG35QbHF93UgndaK3eSCjwMV6c=",
      "requires": {
        "locate-path": "^2.0.0"
      }
    },
    "graceful-fs": {
      "version": "4.2.2",
      "resolved": "https://registry.npmjs.org/graceful-fs/-/graceful-fs-4.2.2.tgz",
      "integrity": "sha512-IItsdsea19BoLC7ELy13q1iJFNmd7ofZH5+X/pJr90/nRoPEX0DJo1dHDbgtYWOhJhcCgMDTOw84RZ72q6lB+Q=="
    },
    "imurmurhash": {
      "version": "0.1.4",
      "resolved": "https://registry.npmjs.org/imurmurhash/-/imurmurhash-0.1.4.tgz",
      "integrity": "sha1-khi5srkoojixPcT7a21XbyMUU+o="
    },
    "is-obj": {
      "version": "1.0.1",
      "resolved": "https://registry.npmjs.org/is-obj/-/is-obj-1.0.1.tgz",
      "integrity": "sha1-PkcprB9f3gJc19g6iW2rn09n2w8="
    },
    "isexe": {
      "version": "2.0.0",
      "resolved": "https://registry.npmjs.org/isexe/-/isexe-2.0.0.tgz",
      "integrity": "sha1-6PvzdNxVb/iUehDcsFctYz8s+hA="
    },
    "locate-path": {
      "version": "2.0.0",
      "resolved": "https://registry.npmjs.org/locate-path/-/locate-path-2.0.0.tgz",
      "integrity": "sha1-K1aLJl7slExtnA3pw9u7ygNUzY4=",
      "requires": {
        "p-locate": "^2.0.0",
        "path-exists": "^3.0.0"
      }
    },
    "make-dir": {
      "version": "1.3.0",
      "resolved": "https://registry.npmjs.org/make-dir/-/make-dir-1.3.0.tgz",
      "integrity": "sha512-2w31R7SJtieJJnQtGc7RVL2StM2vGYVfqUOvUDxH6bC6aJTxPxTF0GnIgCyu7tjockiUWAYQRbxa7vKn34s5sQ==",
      "requires": {
        "pify": "^3.0.0"
      }
    },
    "nice-try": {
      "version": "1.0.5",
      "resolved": "https://registry.npmjs.org/nice-try/-/nice-try-1.0.5.tgz",
      "integrity": "sha512-1nh45deeb5olNY7eX82BkPO7SSxR5SSYJiPTrTdFUVYwAl8CKMA5N9PjTYkHiRjisVcxcQ1HXdLhx2qxxJzLNQ=="
    },
    "p-limit": {
      "version": "1.3.0",
      "resolved": "https://registry.npmjs.org/p-limit/-/p-limit-1.3.0.tgz",
      "integrity": "sha512-vvcXsLAJ9Dr5rQOPk7toZQZJApBl2K4J6dANSsEuh6QI41JYcsS/qhTGa9ErIUUgK3WNQoJYvylxvjqmiqEA9Q==",
      "requires": {
        "p-try": "^1.0.0"
      }
    },
    "p-locate": {
      "version": "2.0.0",
      "resolved": "https://registry.npmjs.org/p-locate/-/p-locate-2.0.0.tgz",
      "integrity": "sha1-IKAQOyIqcMj9OcwuWAaA893l7EM=",
      "requires": {
        "p-limit": "^1.1.0"
      }
    },
    "p-try": {
      "version": "1.0.0",
      "resolved": "https://registry.npmjs.org/p-try/-/p-try-1.0.0.tgz",
      "integrity": "sha1-y8ec26+P1CKOE/Yh8rGiN8GyB7M="
    },
    "path-exists": {
      "version": "3.0.0",
      "resolved": "https://registry.npmjs.org/path-exists/-/path-exists-3.0.0.tgz",
      "integrity": "sha1-zg6+ql94yxiSXqfYENe1mwEP1RU="
    },
    "path-key": {
      "version": "2.0.1",
      "resolved": "https://registry.npmjs.org/path-key/-/path-key-2.0.1.tgz",
      "integrity": "sha1-QRyttXTFoUDTpLGRDUDYDMn0C0A="
    },
    "pify": {
      "version": "3.0.0",
      "resolved": "https://registry.npmjs.org/pify/-/pify-3.0.0.tgz",
      "integrity": "sha1-5aSs0sEB/fPZpNB/DbxNtJ3SgXY="
    },
    "pinkie": {
      "version": "2.0.4",
      "resolved": "https://registry.npmjs.org/pinkie/-/pinkie-2.0.4.tgz",
      "integrity": "sha1-clVrgM+g1IqXToDnckjoDtT3+HA="
    },
    "pinkie-promise": {
      "version": "2.0.1",
      "resolved": "https://registry.npmjs.org/pinkie-promise/-/pinkie-promise-2.0.1.tgz",
      "integrity": "sha1-ITXW36ejWMBprJsXh3YogihFD/o=",
      "requires": {
        "pinkie": "^2.0.0"
      }
    },
    "pkg-up": {
      "version": "1.0.0",
      "resolved": "https://registry.npmjs.org/pkg-up/-/pkg-up-1.0.0.tgz",
      "integrity": "sha1-Pgj7RhUlxEIWJKM7n35tCvWwWiY=",
      "requires": {
        "find-up": "^1.0.0"
      },
      "dependencies": {
        "find-up": {
          "version": "1.1.2",
          "resolved": "https://registry.npmjs.org/find-up/-/find-up-1.1.2.tgz",
          "integrity": "sha1-ay6YIrGizgpgq2TWEOzK1TyyTQ8=",
          "requires": {
            "path-exists": "^2.0.0",
            "pinkie-promise": "^2.0.0"
          }
        },
        "path-exists": {
          "version": "2.1.0",
          "resolved": "https://registry.npmjs.org/path-exists/-/path-exists-2.1.0.tgz",
          "integrity": "sha1-D+tsZPD8UY2adU3V77YscCJ2H0s=",
          "requires": {
            "pinkie-promise": "^2.0.0"
          }
        }
      }
    },
    "run-applescript": {
      "version": "3.2.0",
      "resolved": "https://registry.npmjs.org/run-applescript/-/run-applescript-3.2.0.tgz",
      "integrity": "sha512-Ep0RsvAjnRcBX1p5vogbaBdAGu/8j/ewpvGqnQYunnLd9SM0vWcPJewPKNnWFggf0hF0pwIgwV5XK7qQ7UZ8Qg==",
      "requires": {
        "execa": "^0.10.0"
      },
      "dependencies": {
        "execa": {
          "version": "0.10.0",
          "resolved": "https://registry.npmjs.org/execa/-/execa-0.10.0.tgz",
          "integrity": "sha512-7XOMnz8Ynx1gGo/3hyV9loYNPWM94jG3+3T3Y8tsfSstFmETmENCMU/A/zj8Lyaj1lkgEepKepvd6240tBRvlw==",
          "requires": {
            "cross-spawn": "^6.0.0",
            "get-stream": "^3.0.0",
            "is-stream": "^1.1.0",
            "npm-run-path": "^2.0.0",
            "p-finally": "^1.0.0",
            "signal-exit": "^3.0.0",
            "strip-eof": "^1.0.0"
          }
        },
        "get-stream": {
          "version": "3.0.0",
          "resolved": "https://registry.npmjs.org/get-stream/-/get-stream-3.0.0.tgz",
          "integrity": "sha1-jpQ9E1jcN1VQVOy+LtsFqhdO3hQ="
        },
        "is-stream": {
          "version": "1.1.0",
          "resolved": "https://registry.npmjs.org/is-stream/-/is-stream-1.1.0.tgz",
          "integrity": "sha1-EtSj3U5o4Lec6428hBc66A2RykQ="
        },
        "npm-run-path": {
          "version": "2.0.2",
          "resolved": "https://registry.npmjs.org/npm-run-path/-/npm-run-path-2.0.2.tgz",
          "integrity": "sha1-NakjLfo11wZ7TLLd8jV7GHFTbF8=",
          "requires": {
            "path-key": "^2.0.0"
          }
        },
        "p-finally": {
          "version": "1.0.0",
          "resolved": "https://registry.npmjs.org/p-finally/-/p-finally-1.0.0.tgz",
          "integrity": "sha1-P7z7FbiZpEEjs0ttzBi3JDNqLK4="
        }
      }
    },
    "semver": {
      "version": "5.7.1",
      "resolved": "https://registry.npmjs.org/semver/-/semver-5.7.1.tgz",
      "integrity": "sha512-sauaDf/PZdVgrLTNYHRtpXa1iRiKcaebiKQ1BJdpQlWH2lCvexQdX55snPFyK7QzpudqbCI0qXFfOasHdyNDGQ=="
    },
    "shebang-command": {
      "version": "1.2.0",
      "resolved": "https://registry.npmjs.org/shebang-command/-/shebang-command-1.2.0.tgz",
      "integrity": "sha1-RKrGW2lbAzmJaMOfNj/uXer98eo=",
      "requires": {
        "shebang-regex": "^1.0.0"
      }
    },
    "shebang-regex": {
      "version": "1.0.0",
      "resolved": "https://registry.npmjs.org/shebang-regex/-/shebang-regex-1.0.0.tgz",
      "integrity": "sha1-2kL0l0DAtC2yypcoVxyxkMmO/qM="
    },
    "signal-exit": {
      "version": "3.0.2",
      "resolved": "https://registry.npmjs.org/signal-exit/-/signal-exit-3.0.2.tgz",
      "integrity": "sha1-tf3AjxKH6hF4Yo5BXiUTK3NkbG0="
    },
    "strip-eof": {
      "version": "1.0.0",
      "resolved": "https://registry.npmjs.org/strip-eof/-/strip-eof-1.0.0.tgz",
      "integrity": "sha1-u0P/VZim6wXYm1n80SnJgzE2Br8="
    },
    "which": {
      "version": "1.3.1",
      "resolved": "https://registry.npmjs.org/which/-/which-1.3.1.tgz",
      "integrity": "sha512-HxJdYWq1MTIQbJ3nw0cqssHoTNU267KlrDuGZ1WYlxDStUtKUhOaJmh112/TZmHxxUfuJqPXSOm7tDyas0OSIQ==",
      "requires": {
        "isexe": "^2.0.0"
      }
    },
    "write-file-atomic": {
      "version": "2.4.3",
      "resolved": "https://registry.npmjs.org/write-file-atomic/-/write-file-atomic-2.4.3.tgz",
      "integrity": "sha512-GaETH5wwsX+GcnzhPgKcKjJ6M2Cq3/iZp1WyY/X1CSqrW+jVNM9Y7D8EC2sM4ZG/V8wZlSniJnCKWPmBYAucRQ==",
      "requires": {
        "graceful-fs": "^4.1.11",
        "imurmurhash": "^0.1.4",
        "signal-exit": "^3.0.2"
      }
    }
  }
}
